
Microsoft Visual Studio Solution File, Format Version 12.00
# Visual Studio Version 17
VisualStudioVersion = 17.11.35327.3
MinimumVisualStudioVersion = 10.0.40219.1
Project("{2150E333-8FDC-42A3-9474-1A3956D46DE8}") = "src", "src", "{02EA681E-C7D8-13C7-8484-4AC65E1B71E8}"
EndProject
Project("{2150E333-8FDC-42A3-9474-1A3956D46DE8}") = "tests", "tests", "{19B69E0D-3013-4F2B-BC4F-09D032FD8E58}"
EndProject
Project("{FAE04EC0-301F-11D3-BF4B-00C04F79EFBC}") = "TaskMind.Web", "src\TaskMind.Web\TaskMind.Web.csproj", "{0D614517-C327-94ED-81DD-4C2BBBAD415B}"
EndProject
Project("{FAE04EC0-301F-11D3-BF4B-00C04F79EFBC}") = "TaskMind.Infrastructure", "src\TaskMind.Infrastructure\TaskMind.Infrastructure.csproj", "{167EA8C8-C9E1-2805-B50F-E6C769E01195}"
EndProject
Project("{FAE04EC0-301F-11D3-BF4B-00C04F79EFBC}") = "TaskMind.Domain", "src\TaskMind.Domain\TaskMind.Domain.csproj", "{227D73D1-9B2C-497B-7A16-18837A134036}"
EndProject
Project("{FAE04EC0-301F-11D3-BF4B-00C04F79EFBC}") = "TaskMind.Application", "src\TaskMind.Application\TaskMind.Application.csproj", "{D08617D1-DC3F-0D25-571C-E82B065345EB}"
EndProject
Project("{FAE04EC0-301F-11D3-BF4B-00C04F79EFBC}") = "TaskMind.Web.Tests", "tests\TaskMind.Web.Tests\TaskMind.Web.Tests.csproj", "{488408D9-6E91-B227-7F0C-DEF2D62EBFD1}"
EndProject
Project("{FAE04EC0-301F-11D3-BF4B-00C04F79EFBC}") = "TaskMind.Infrastructure.Tests", "tests\TaskMind.Infrastructure.Tests\TaskMind.Infrastructure.Tests.csproj", "{DAB8B288-77A2-8B9C-EA68-4ACF7D6CA5C4}"
EndProject
Project("{FAE04EC0-301F-11D3-BF4B-00C04F79EFBC}") = "TaskMind.Application.Tests", "tests\TaskMind.Application.Tests\TaskMind.Application.Tests.csproj", "{212BCC18-63A0-0D0E-0F52-6A0A36EE0D3C}"
EndProject
Global
	GlobalSection(SolutionConfigurationPlatforms) = preSolution
		Debug|Any CPU = Debug|Any CPU
		Release|Any CPU = Release|Any CPU
	EndGlobalSection
	GlobalSection(ProjectConfigurationPlatforms) = postSolution
		{0D614517-C327-94ED-81DD-4C2BBBAD415B}.Debug|Any CPU.ActiveCfg = Debug|Any CPU
		{0D614517-C327-94ED-81DD-4C2BBBAD415B}.Debug|Any CPU.Build.0 = Debug|Any CPU
		{0D614517-C327-94ED-81DD-4C2BBBAD415B}.Release|Any CPU.ActiveCfg = Release|Any CPU
		{0D614517-C327-94ED-81DD-4C2BBBAD415B}.Release|Any CPU.Build.0 = Release|Any CPU
		{167EA8C8-C9E1-2805-B50F-E6C769E01195}.Debug|Any CPU.ActiveCfg = Debug|Any CPU
		{167EA8C8-C9E1-2805-B50F-E6C769E01195}.Debug|Any CPU.Build.0 = Debug|Any CPU
		{167EA8C8-C9E1-2805-B50F-E6C769E01195}.Release|Any CPU.ActiveCfg = Release|Any CPU
		{167EA8C8-C9E1-2805-B50F-E6C769E01195}.Release|Any CPU.Build.0 = Release|Any CPU
		{227D73D1-9B2C-497B-7A16-18837A134036}.Debug|Any CPU.ActiveCfg = Debug|Any CPU
		{227D73D1-9B2C-497B-7A16-18837A134036}.Debug|Any CPU.Build.0 = Debug|Any CPU
		{227D73D1-9B2C-497B-7A16-18837A134036}.Release|Any CPU.ActiveCfg = Release|Any CPU
		{227D73D1-9B2C-497B-7A16-18837A134036}.Release|Any CPU.Build.0 = Release|Any CPU
		{D08617D1-DC3F-0D25-571C-E82B065345EB}.Debug|Any CPU.ActiveCfg = Debug|Any CPU
		{D08617D1-DC3F-0D25-571C-E82B065345EB}.Debug|Any CPU.Build.0 = Debug|Any CPU
		{D08617D1-DC3F-0D25-571C-E82B065345EB}.Release|Any CPU.ActiveCfg = Release|Any CPU
		{D08617D1-DC3F-0D25-571C-E82B065345EB}.Release|Any CPU.Build.0 = Release|Any CPU
		{488408D9-6E91-B227-7F0C-DEF2D62EBFD1}.Debug|Any CPU.ActiveCfg = Debug|Any CPU
		{488408D9-6E91-B227-7F0C-DEF2D62EBFD1}.Debug|Any CPU.Build.0 = Debug|Any CPU
		{488408D9-6E91-B227-7F0C-DEF2D62EBFD1}.Release|Any CPU.ActiveCfg = Release|Any CPU
		{488408D9-6E91-B227-7F0C-DEF2D62EBFD1}.Release|Any CPU.Build.0 = Release|Any CPU
		{DAB8B288-77A2-8B9C-EA68-4ACF7D6CA5C4}.Debug|Any CPU.ActiveCfg = Debug|Any CPU
		{DAB8B288-77A2-8B9C-EA68-4ACF7D6CA5C4}.Debug|Any CPU.Build.0 = Debug|Any CPU
		{DAB8B288-77A2-8B9C-EA68-4ACF7D6CA5C4}.Release|Any CPU.ActiveCfg = Release|Any CPU
		{DAB8B288-77A2-8B9C-EA68-4ACF7D6CA5C4}.Release|Any CPU.Build.0 = Release|Any CPU
		{212BCC18-63A0-0D0E-0F52-6A0A36EE0D3C}.Debug|Any CPU.ActiveCfg = Debug|Any CPU
		{212BCC18-63A0-0D0E-0F52-6A0A36EE0D3C}.Debug|Any CPU.Build.0 = Debug|Any CPU
		{212BCC18-63A0-0D0E-0F52-6A0A36EE0D3C}.Release|Any CPU.ActiveCfg = Release|Any CPU
		{212BCC18-63A0-0D0E-0F52-6A0A36EE0D3C}.Release|Any CPU.Build.0 = Release|Any CPU
	EndGlobalSection
	GlobalSection(SolutionProperties) = preSolution
		HideSolutionNode = FALSE
	EndGlobalSection
	GlobalSection(NestedProjects) = preSolution
		{0D614517-C327-94ED-81DD-4C2BBBAD415B} = {02EA681E-C7D8-13C7-8484-4AC65E1B71E8}
		{167EA8C8-C9E1-2805-B50F-E6C769E01195} = {02EA681E-C7D8-13C7-8484-4AC65E1B71E8}
		{227D73D1-9B2C-497B-7A16-18837A134036} = {02EA681E-C7D8-13C7-8484-4AC65E1B71E8}
		{D08617D1-DC3F-0D25-571C-E82B065345EB} = {02EA681E-C7D8-13C7-8484-4AC65E1B71E8}
		{488408D9-6E91-B227-7F0C-DEF2D62EBFD1} = {19B69E0D-3013-4F2B-BC4F-09D032FD8E58}
		{DAB8B288-77A2-8B9C-EA68-4ACF7D6CA5C4} = {19B69E0D-3013-4F2B-BC4F-09D032FD8E58}
		{212BCC18-63A0-0D0E-0F52-6A0A36EE0D3C} = {19B69E0D-3013-4F2B-BC4F-09D032FD8E58}
	EndGlobalSection
	GlobalSection(ExtensibilityGlobals) = postSolution
		SolutionGuid = {66B28C8B-349E-4CB6-8B9A-A36E8496299A}
	EndGlobalSection
EndGlobal
